
Microsoft Visual Studio Solution File, Format Version 12.00
# Visual Studio Version 16
VisualStudioVersion = 16.0.31313.381
MinimumVisualStudioVersion = 10.0.40219.1
Project("{FAE04EC0-301F-11D3-BF4B-00C04F79EFBC}") = "OpenSim.Addons.Groups", "OpenSim.Addons.Groups\OpenSim.Addons.Groups.csproj", "{C724D14D-E2FF-4186-82FD-1463D523FA93}"
EndProject
Project("{FAE04EC0-301F-11D3-BF4B-00C04F79EFBC}") = "OpenSim.Addons.OfflineIM", "OpenSim.Addons.OfflineIM\OpenSim.Addons.OfflineIM.csproj", "{329DCE15-C0AA-426D-8129-AF0EB89A60C2}"
EndProject
Project("{2150E333-8FDC-42A3-9474-1A3956D46DE8}") = "OpenSim", "OpenSim", "{CAF8ECBE-AC20-4613-95DB-66A3993EEA98}"
EndProject
Project("{2150E333-8FDC-42A3-9474-1A3956D46DE8}") = "Addons", "Addons", "{8C9D8B4D-AA10-4571-ABAF-42DFC56B99F9}"
EndProject
Project("{2150E333-8FDC-42A3-9474-1A3956D46DE8}") = "ApplicationPlugins", "ApplicationPlugins", "{9A472F5D-AFB4-4987-A5AE-BBFF1A16D41D}"
EndProject
Project("{FAE04EC0-301F-11D3-BF4B-00C04F79EFBC}") = "OpenSim.ApplicationPlugins.LoadRegions", "OpenSim.ApplicationPlugins.LoadRegions\OpenSim.ApplicationPlugins.LoadRegions.csproj", "{DC04B0A4-38A8-422B-8BAB-18B7D7736344}"
EndProject
Project("{FAE04EC0-301F-11D3-BF4B-00C04F79EFBC}") = "OpenSim.ApplicationPlugins.RegionModulesController", "OpenSim.ApplicationPlugins.RegionModulesController\OpenSim.ApplicationPlugins.RegionModulesController.csproj", "{5577B00C-2981-44F6-B6DF-3A8C06A41903}"
EndProject
Project("{FAE04EC0-301F-11D3-BF4B-00C04F79EFBC}") = "OpenSim.ApplicationPlugins.RemoteController", "OpenSim.ApplicationPlugins.RemoteController\OpenSim.ApplicationPlugins.RemoteController.csproj", "{73750ED8-62D2-4C0D-8195-ABDCB55AF11E}"
EndProject
Project("{FAE04EC0-301F-11D3-BF4B-00C04F79EFBC}") = "OpenSim.Capabilities", "OpenSim.Capabilities\OpenSim.Capabilities.csproj", "{A33A0A8C-356E-4F17-85AA-E99730D093E5}"
EndProject
Project("{FAE04EC0-301F-11D3-BF4B-00C04F79EFBC}") = "OpenSim.ConsoleClient", "OpenSim.ConsoleClient\OpenSim.ConsoleClient.csproj", "{0F37259B-F1B7-4923-B694-299F8B7896FF}"
EndProject
Project("{FAE04EC0-301F-11D3-BF4B-00C04F79EFBC}") = "OpenSim.Data", "OpenSim.Data\OpenSim.Data.csproj", "{7B22B044-654C-48C9-9095-7C24C6D1D981}"
EndProject
Project("{2150E333-8FDC-42A3-9474-1A3956D46DE8}") = "Data", "Data", "{11688578-9733-4D2E-A41E-6175562FB4C1}"
EndProject
Project("{FAE04EC0-301F-11D3-BF4B-00C04F79EFBC}") = "OpenSim.Data.MySQL", "OpenSim.Data.MySQL\OpenSim.Data.MySQL.csproj", "{A25E5A0C-987C-4DEA-A18F-4B751CF88EA3}"
EndProject
Project("{FAE04EC0-301F-11D3-BF4B-00C04F79EFBC}") = "OpenSim.Data.Null", "OpenSim.Data.Null\OpenSim.Data.Null.csproj", "{A9152E24-1659-4071-84CD-129A39B14AAC}"
EndProject
Project("{FAE04EC0-301F-11D3-BF4B-00C04F79EFBC}") = "OpenSim.Data.PGSQL", "OpenSim.Data.PGSQL\OpenSim.Data.PGSQL.csproj", "{64FE783E-D78F-4FDE-911A-2FB65E142E4A}"
EndProject
Project("{FAE04EC0-301F-11D3-BF4B-00C04F79EFBC}") = "OpenSim.Data.SQLite", "OpenSim.Data.SQLite\OpenSim.Data.SQLite.csproj", "{ACECF044-5E42-441B-93E2-3A470DD7750D}"
EndProject
Project("{FAE04EC0-301F-11D3-BF4B-00C04F79EFBC}") = "OpenSim.Framework", "OpenSim.Framework\OpenSim.Framework.csproj", "{D616F09A-1A5A-4030-A828-39DE17FDDF08}"
EndProject
Project("{2150E333-8FDC-42A3-9474-1A3956D46DE8}") = "Framework", "Framework", "{45ECD235-A9C8-4D5B-8755-F5ABF443EF7B}"
EndProject
Project("{2150E333-8FDC-42A3-9474-1A3956D46DE8}") = "AssetLoader", "AssetLoader", "{B7906ECB-AA00-4EEE-8B75-24E099EBFF42}"
EndProject
Project("{FAE04EC0-301F-11D3-BF4B-00C04F79EFBC}") = "OpenSim.Framework.AssetLoader.Filesystem", "OpenSim.Framework.AssetLoader.Filesystem\OpenSim.Framework.AssetLoader.Filesystem.csproj", "{B08143CD-2052-48C2-8A62-A74914A51E65}"
EndProject
Project("{FAE04EC0-301F-11D3-BF4B-00C04F79EFBC}") = "OpenSim.Framework.Monitoring", "OpenSim.Framework.Monitoring\OpenSim.Framework.Monitoring.csproj", "{90FC913E-D8E0-4F57-92C7-D14F7147048A}"
EndProject
Project("{FAE04EC0-301F-11D3-BF4B-00C04F79EFBC}") = "OpenSim.Framework.Serialization", "OpenSim.Framework.Serialization\OpenSim.Framework.Serialization.csproj", "{CD08C91B-6A5C-4317-80E9-2D1EE664F862}"
EndProject
Project("{FAE04EC0-301F-11D3-BF4B-00C04F79EFBC}") = "OpenSim.Framework.Servers", "OpenSim.Framework.Servers\OpenSim.Framework.Servers.csproj", "{327A6D67-B0EB-4E6F-83EB-0B3C154F035E}"
EndProject
Project("{2150E333-8FDC-42A3-9474-1A3956D46DE8}") = "Servers", "Servers", "{1BD13545-1517-468F-A4C3-93B3D858AE2A}"
EndProject
Project("{FAE04EC0-301F-11D3-BF4B-00C04F79EFBC}") = "OpenSim.Framework.Servers.HttpServer", "OpenSim.Framework.Servers.HttpServer\OpenSim.Framework.Servers.HttpServer.csproj", "{09622E4F-1E5D-402E-8547-351A74D67817}"
EndProject
Project("{2150E333-8FDC-42A3-9474-1A3956D46DE8}") = "Region", "Region", "{364B4145-7263-4F0C-9462-8B02E45D55FD}"
EndProject
Project("{9A19103F-16F7-4668-BE54-9A1E7A4F7556}") = "OpenSim", "OpenSim\OpenSim.csproj", "{B2CF0ED5-9F4D-4FC7-A671-31EC013886F2}"
EndProject
Project("{2150E333-8FDC-42A3-9474-1A3956D46DE8}") = "ClientStack", "ClientStack", "{428552B8-BB7D-4E9C-9C98-720BA919256C}"
EndProject
Project("{FAE04EC0-301F-11D3-BF4B-00C04F79EFBC}") = "OpenSim.Region.ClientStack.LindenCaps", "OpenSim.Region.ClientStack.LindenCaps\OpenSim.Region.ClientStack.LindenCaps.csproj", "{62322008-351C-4B9C-862D-6F384B7F5CF2}"
EndProject
Project("{FAE04EC0-301F-11D3-BF4B-00C04F79EFBC}") = "OpenSim.Region.ClientStack.LindenUDP", "OpenSim.Region.ClientStack.LindenUDP\OpenSim.Region.ClientStack.LindenUDP.csproj", "{37D1CA12-C8A7-43AB-9CC3-64BFBACD1081}"
EndProject
Project("{FAE04EC0-301F-11D3-BF4B-00C04F79EFBC}") = "OpenSim.Region.CoreModules", "OpenSim.Region.CoreModules\OpenSim.Region.CoreModules.csproj", "{28382A66-0BF2-4313-A366-C0732E982A61}"
EndProject
Project("{FAE04EC0-301F-11D3-BF4B-00C04F79EFBC}") = "OpenSim.Region.Framework", "OpenSim.Region.Framework\OpenSim.Region.Framework.csproj", "{D9AEB428-5C7C-46E4-8F5C-9AAE5FD941A5}"
EndProject
Project("{FAE04EC0-301F-11D3-BF4B-00C04F79EFBC}") = "OpenSim.Region.OptionalModules", "OpenSim.Region.OptionalModules\OpenSim.Region.OptionalModules.csproj", "{D085A92D-89C3-42A4-82B9-51AA8ACED759}"
EndProject
Global
	GlobalSection(SolutionConfigurationPlatforms) = preSolution
		Debug|Any CPU = Debug|Any CPU
		Release|Any CPU = Release|Any CPU
	EndGlobalSection
	GlobalSection(ProjectConfigurationPlatforms) = postSolution
		{C724D14D-E2FF-4186-82FD-1463D523FA93}.Debug|Any CPU.ActiveCfg = Debug|Any CPU
		{C724D14D-E2FF-4186-82FD-1463D523FA93}.Debug|Any CPU.Build.0 = Debug|Any CPU
		{C724D14D-E2FF-4186-82FD-1463D523FA93}.Release|Any CPU.ActiveCfg = Release|Any CPU
		{C724D14D-E2FF-4186-82FD-1463D523FA93}.Release|Any CPU.Build.0 = Release|Any CPU
		{329DCE15-C0AA-426D-8129-AF0EB89A60C2}.Debug|Any CPU.ActiveCfg = Debug|Any CPU
		{329DCE15-C0AA-426D-8129-AF0EB89A60C2}.Debug|Any CPU.Build.0 = Debug|Any CPU
		{329DCE15-C0AA-426D-8129-AF0EB89A60C2}.Release|Any CPU.ActiveCfg = Release|Any CPU
		{329DCE15-C0AA-426D-8129-AF0EB89A60C2}.Release|Any CPU.Build.0 = Release|Any CPU
		{DC04B0A4-38A8-422B-8BAB-18B7D7736344}.Debug|Any CPU.ActiveCfg = Debug|Any CPU
		{DC04B0A4-38A8-422B-8BAB-18B7D7736344}.Debug|Any CPU.Build.0 = Debug|Any CPU
		{DC04B0A4-38A8-422B-8BAB-18B7D7736344}.Release|Any CPU.ActiveCfg = Release|Any CPU
		{DC04B0A4-38A8-422B-8BAB-18B7D7736344}.Release|Any CPU.Build.0 = Release|Any CPU
		{5577B00C-2981-44F6-B6DF-3A8C06A41903}.Debug|Any CPU.ActiveCfg = Debug|Any CPU
		{5577B00C-2981-44F6-B6DF-3A8C06A41903}.Debug|Any CPU.Build.0 = Debug|Any CPU
		{5577B00C-2981-44F6-B6DF-3A8C06A41903}.Release|Any CPU.ActiveCfg = Release|Any CPU
		{5577B00C-2981-44F6-B6DF-3A8C06A41903}.Release|Any CPU.Build.0 = Release|Any CPU
		{73750ED8-62D2-4C0D-8195-ABDCB55AF11E}.Debug|Any CPU.ActiveCfg = Debug|Any CPU
		{73750ED8-62D2-4C0D-8195-ABDCB55AF11E}.Debug|Any CPU.Build.0 = Debug|Any CPU
		{73750ED8-62D2-4C0D-8195-ABDCB55AF11E}.Release|Any CPU.ActiveCfg = Release|Any CPU
		{73750ED8-62D2-4C0D-8195-ABDCB55AF11E}.Release|Any CPU.Build.0 = Release|Any CPU
		{A33A0A8C-356E-4F17-85AA-E99730D093E5}.Debug|Any CPU.ActiveCfg = Debug|Any CPU
		{A33A0A8C-356E-4F17-85AA-E99730D093E5}.Debug|Any CPU.Build.0 = Debug|Any CPU
		{A33A0A8C-356E-4F17-85AA-E99730D093E5}.Release|Any CPU.ActiveCfg = Release|Any CPU
		{A33A0A8C-356E-4F17-85AA-E99730D093E5}.Release|Any CPU.Build.0 = Release|Any CPU
		{0F37259B-F1B7-4923-B694-299F8B7896FF}.Debug|Any CPU.ActiveCfg = Debug|Any CPU
		{0F37259B-F1B7-4923-B694-299F8B7896FF}.Debug|Any CPU.Build.0 = Debug|Any CPU
		{0F37259B-F1B7-4923-B694-299F8B7896FF}.Release|Any CPU.ActiveCfg = Release|Any CPU
		{0F37259B-F1B7-4923-B694-299F8B7896FF}.Release|Any CPU.Build.0 = Release|Any CPU
		{7B22B044-654C-48C9-9095-7C24C6D1D981}.Debug|Any CPU.ActiveCfg = Debug|Any CPU
		{7B22B044-654C-48C9-9095-7C24C6D1D981}.Debug|Any CPU.Build.0 = Debug|Any CPU
		{7B22B044-654C-48C9-9095-7C24C6D1D981}.Release|Any CPU.ActiveCfg = Release|Any CPU
		{7B22B044-654C-48C9-9095-7C24C6D1D981}.Release|Any CPU.Build.0 = Release|Any CPU
		{A25E5A0C-987C-4DEA-A18F-4B751CF88EA3}.Debug|Any CPU.ActiveCfg = Debug|Any CPU
		{A25E5A0C-987C-4DEA-A18F-4B751CF88EA3}.Debug|Any CPU.Build.0 = Debug|Any CPU
		{A25E5A0C-987C-4DEA-A18F-4B751CF88EA3}.Release|Any CPU.ActiveCfg = Release|Any CPU
		{A25E5A0C-987C-4DEA-A18F-4B751CF88EA3}.Release|Any CPU.Build.0 = Release|Any CPU
		{A9152E24-1659-4071-84CD-129A39B14AAC}.Debug|Any CPU.ActiveCfg = Debug|Any CPU
		{A9152E24-1659-4071-84CD-129A39B14AAC}.Debug|Any CPU.Build.0 = Debug|Any CPU
		{A9152E24-1659-4071-84CD-129A39B14AAC}.Release|Any CPU.ActiveCfg = Release|Any CPU
		{A9152E24-1659-4071-84CD-129A39B14AAC}.Release|Any CPU.Build.0 = Release|Any CPU
		{64FE783E-D78F-4FDE-911A-2FB65E142E4A}.Debug|Any CPU.ActiveCfg = Debug|Any CPU
		{64FE783E-D78F-4FDE-911A-2FB65E142E4A}.Debug|Any CPU.Build.0 = Debug|Any CPU
		{64FE783E-D78F-4FDE-911A-2FB65E142E4A}.Release|Any CPU.ActiveCfg = Release|Any CPU
		{64FE783E-D78F-4FDE-911A-2FB65E142E4A}.Release|Any CPU.Build.0 = Release|Any CPU
		{ACECF044-5E42-441B-93E2-3A470DD7750D}.Debug|Any CPU.ActiveCfg = Debug|Any CPU
		{ACECF044-5E42-441B-93E2-3A470DD7750D}.Debug|Any CPU.Build.0 = Debug|Any CPU
		{ACECF044-5E42-441B-93E2-3A470DD7750D}.Release|Any CPU.ActiveCfg = Release|Any CPU
		{ACECF044-5E42-441B-93E2-3A470DD7750D}.Release|Any CPU.Build.0 = Release|Any CPU
		{D616F09A-1A5A-4030-A828-39DE17FDDF08}.Debug|Any CPU.ActiveCfg = Debug|Any CPU
		{D616F09A-1A5A-4030-A828-39DE17FDDF08}.Debug|Any CPU.Build.0 = Debug|Any CPU
		{D616F09A-1A5A-4030-A828-39DE17FDDF08}.Release|Any CPU.ActiveCfg = Release|Any CPU
		{D616F09A-1A5A-4030-A828-39DE17FDDF08}.Release|Any CPU.Build.0 = Release|Any CPU
		{B08143CD-2052-48C2-8A62-A74914A51E65}.Debug|Any CPU.ActiveCfg = Debug|Any CPU
		{B08143CD-2052-48C2-8A62-A74914A51E65}.Debug|Any CPU.Build.0 = Debug|Any CPU
		{B08143CD-2052-48C2-8A62-A74914A51E65}.Release|Any CPU.ActiveCfg = Release|Any CPU
		{B08143CD-2052-48C2-8A62-A74914A51E65}.Release|Any CPU.Build.0 = Release|Any CPU
		{90FC913E-D8E0-4F57-92C7-D14F7147048A}.Debug|Any CPU.ActiveCfg = Debug|Any CPU
		{90FC913E-D8E0-4F57-92C7-D14F7147048A}.Debug|Any CPU.Build.0 = Debug|Any CPU
		{90FC913E-D8E0-4F57-92C7-D14F7147048A}.Release|Any CPU.ActiveCfg = Release|Any CPU
		{90FC913E-D8E0-4F57-92C7-D14F7147048A}.Release|Any CPU.Build.0 = Release|Any CPU
		{CD08C91B-6A5C-4317-80E9-2D1EE664F862}.Debug|Any CPU.ActiveCfg = Debug|Any CPU
		{CD08C91B-6A5C-4317-80E9-2D1EE664F862}.Debug|Any CPU.Build.0 = Debug|Any CPU
		{CD08C91B-6A5C-4317-80E9-2D1EE664F862}.Release|Any CPU.ActiveCfg = Release|Any CPU
		{CD08C91B-6A5C-4317-80E9-2D1EE664F862}.Release|Any CPU.Build.0 = Release|Any CPU
		{327A6D67-B0EB-4E6F-83EB-0B3C154F035E}.Debug|Any CPU.ActiveCfg = Debug|Any CPU
		{327A6D67-B0EB-4E6F-83EB-0B3C154F035E}.Debug|Any CPU.Build.0 = Debug|Any CPU
		{327A6D67-B0EB-4E6F-83EB-0B3C154F035E}.Release|Any CPU.ActiveCfg = Release|Any CPU
		{327A6D67-B0EB-4E6F-83EB-0B3C154F035E}.Release|Any CPU.Build.0 = Release|Any CPU
		{09622E4F-1E5D-402E-8547-351A74D67817}.Debug|Any CPU.ActiveCfg = Debug|Any CPU
		{09622E4F-1E5D-402E-8547-351A74D67817}.Debug|Any CPU.Build.0 = Debug|Any CPU
		{09622E4F-1E5D-402E-8547-351A74D67817}.Release|Any CPU.ActiveCfg = Release|Any CPU
		{09622E4F-1E5D-402E-8547-351A74D67817}.Release|Any CPU.Build.0 = Release|Any CPU
		{B2CF0ED5-9F4D-4FC7-A671-31EC013886F2}.Debug|Any CPU.ActiveCfg = Debug|Any CPU
		{B2CF0ED5-9F4D-4FC7-A671-31EC013886F2}.Debug|Any CPU.Build.0 = Debug|Any CPU
		{B2CF0ED5-9F4D-4FC7-A671-31EC013886F2}.Release|Any CPU.ActiveCfg = Release|Any CPU
		{B2CF0ED5-9F4D-4FC7-A671-31EC013886F2}.Release|Any CPU.Build.0 = Release|Any CPU
		{62322008-351C-4B9C-862D-6F384B7F5CF2}.Debug|Any CPU.ActiveCfg = Debug|Any CPU
		{62322008-351C-4B9C-862D-6F384B7F5CF2}.Debug|Any CPU.Build.0 = Debug|Any CPU
		{62322008-351C-4B9C-862D-6F384B7F5CF2}.Release|Any CPU.ActiveCfg = Release|Any CPU
		{62322008-351C-4B9C-862D-6F384B7F5CF2}.Release|Any CPU.Build.0 = Release|Any CPU
		{37D1CA12-C8A7-43AB-9CC3-64BFBACD1081}.Debug|Any CPU.ActiveCfg = Debug|Any CPU
		{37D1CA12-C8A7-43AB-9CC3-64BFBACD1081}.Debug|Any CPU.Build.0 = Debug|Any CPU
		{37D1CA12-C8A7-43AB-9CC3-64BFBACD1081}.Release|Any CPU.ActiveCfg = Release|Any CPU
		{37D1CA12-C8A7-43AB-9CC3-64BFBACD1081}.Release|Any CPU.Build.0 = Release|Any CPU
		{28382A66-0BF2-4313-A366-C0732E982A61}.Debug|Any CPU.ActiveCfg = Debug|Any CPU
		{28382A66-0BF2-4313-A366-C0732E982A61}.Debug|Any CPU.Build.0 = Debug|Any CPU
		{28382A66-0BF2-4313-A366-C0732E982A61}.Release|Any CPU.ActiveCfg = Release|Any CPU
		{28382A66-0BF2-4313-A366-C0732E982A61}.Release|Any CPU.Build.0 = Release|Any CPU
		{D9AEB428-5C7C-46E4-8F5C-9AAE5FD941A5}.Debug|Any CPU.ActiveCfg = Debug|Any CPU
		{D9AEB428-5C7C-46E4-8F5C-9AAE5FD941A5}.Debug|Any CPU.Build.0 = Debug|Any CPU
		{D9AEB428-5C7C-46E4-8F5C-9AAE5FD941A5}.Release|Any CPU.ActiveCfg = Release|Any CPU
		{D9AEB428-5C7C-46E4-8F5C-9AAE5FD941A5}.Release|Any CPU.Build.0 = Release|Any CPU
		{D085A92D-89C3-42A4-82B9-51AA8ACED759}.Debug|Any CPU.ActiveCfg = Debug|Any CPU
		{D085A92D-89C3-42A4-82B9-51AA8ACED759}.Debug|Any CPU.Build.0 = Debug|Any CPU
		{D085A92D-89C3-42A4-82B9-51AA8ACED759}.Release|Any CPU.ActiveCfg = Release|Any CPU
		{D085A92D-89C3-42A4-82B9-51AA8ACED759}.Release|Any CPU.Build.0 = Release|Any CPU
	EndGlobalSection
	GlobalSection(SolutionProperties) = preSolution
		HideSolutionNode = FALSE
	EndGlobalSection
	GlobalSection(NestedProjects) = preSolution
		{C724D14D-E2FF-4186-82FD-1463D523FA93} = {8C9D8B4D-AA10-4571-ABAF-42DFC56B99F9}
		{329DCE15-C0AA-426D-8129-AF0EB89A60C2} = {8C9D8B4D-AA10-4571-ABAF-42DFC56B99F9}
		{8C9D8B4D-AA10-4571-ABAF-42DFC56B99F9} = {CAF8ECBE-AC20-4613-95DB-66A3993EEA98}
		{9A472F5D-AFB4-4987-A5AE-BBFF1A16D41D} = {CAF8ECBE-AC20-4613-95DB-66A3993EEA98}
		{DC04B0A4-38A8-422B-8BAB-18B7D7736344} = {9A472F5D-AFB4-4987-A5AE-BBFF1A16D41D}
		{5577B00C-2981-44F6-B6DF-3A8C06A41903} = {9A472F5D-AFB4-4987-A5AE-BBFF1A16D41D}
		{73750ED8-62D2-4C0D-8195-ABDCB55AF11E} = {9A472F5D-AFB4-4987-A5AE-BBFF1A16D41D}
		{A33A0A8C-356E-4F17-85AA-E99730D093E5} = {CAF8ECBE-AC20-4613-95DB-66A3993EEA98}
		{0F37259B-F1B7-4923-B694-299F8B7896FF} = {CAF8ECBE-AC20-4613-95DB-66A3993EEA98}
		{7B22B044-654C-48C9-9095-7C24C6D1D981} = {CAF8ECBE-AC20-4613-95DB-66A3993EEA98}
		{11688578-9733-4D2E-A41E-6175562FB4C1} = {CAF8ECBE-AC20-4613-95DB-66A3993EEA98}
		{A25E5A0C-987C-4DEA-A18F-4B751CF88EA3} = {11688578-9733-4D2E-A41E-6175562FB4C1}
		{A9152E24-1659-4071-84CD-129A39B14AAC} = {11688578-9733-4D2E-A41E-6175562FB4C1}
		{64FE783E-D78F-4FDE-911A-2FB65E142E4A} = {11688578-9733-4D2E-A41E-6175562FB4C1}
		{ACECF044-5E42-441B-93E2-3A470DD7750D} = {11688578-9733-4D2E-A41E-6175562FB4C1}
		{D616F09A-1A5A-4030-A828-39DE17FDDF08} = {CAF8ECBE-AC20-4613-95DB-66A3993EEA98}
		{45ECD235-A9C8-4D5B-8755-F5ABF443EF7B} = {CAF8ECBE-AC20-4613-95DB-66A3993EEA98}
		{B7906ECB-AA00-4EEE-8B75-24E099EBFF42} = {45ECD235-A9C8-4D5B-8755-F5ABF443EF7B}
		{B08143CD-2052-48C2-8A62-A74914A51E65} = {B7906ECB-AA00-4EEE-8B75-24E099EBFF42}
		{90FC913E-D8E0-4F57-92C7-D14F7147048A} = {45ECD235-A9C8-4D5B-8755-F5ABF443EF7B}
		{CD08C91B-6A5C-4317-80E9-2D1EE664F862} = {45ECD235-A9C8-4D5B-8755-F5ABF443EF7B}
		{327A6D67-B0EB-4E6F-83EB-0B3C154F035E} = {45ECD235-A9C8-4D5B-8755-F5ABF443EF7B}
		{1BD13545-1517-468F-A4C3-93B3D858AE2A} = {45ECD235-A9C8-4D5B-8755-F5ABF443EF7B}
		{09622E4F-1E5D-402E-8547-351A74D67817} = {1BD13545-1517-468F-A4C3-93B3D858AE2A}
		{364B4145-7263-4F0C-9462-8B02E45D55FD} = {CAF8ECBE-AC20-4613-95DB-66A3993EEA98}
		{B2CF0ED5-9F4D-4FC7-A671-31EC013886F2} = {CAF8ECBE-AC20-4613-95DB-66A3993EEA98}
		{428552B8-BB7D-4E9C-9C98-720BA919256C} = {364B4145-7263-4F0C-9462-8B02E45D55FD}
		{62322008-351C-4B9C-862D-6F384B7F5CF2} = {428552B8-BB7D-4E9C-9C98-720BA919256C}
		{37D1CA12-C8A7-43AB-9CC3-64BFBACD1081} = {428552B8-BB7D-4E9C-9C98-720BA919256C}
		{28382A66-0BF2-4313-A366-C0732E982A61} = {364B4145-7263-4F0C-9462-8B02E45D55FD}
		{D9AEB428-5C7C-46E4-8F5C-9AAE5FD941A5} = {364B4145-7263-4F0C-9462-8B02E45D55FD}
		{D085A92D-89C3-42A4-82B9-51AA8ACED759} = {364B4145-7263-4F0C-9462-8B02E45D55FD}
	EndGlobalSection
	GlobalSection(ExtensibilityGlobals) = postSolution
		SolutionGuid = {48DB29A5-5F7F-4E43-B54C-40DCB5A4DF16}
	EndGlobalSection
EndGlobal
